
Microsoft Visual Studio Solution File, Format Version 12.00
# Visual Studio 15
VisualStudioVersion = 15.0.26228.43
MinimumVisualStudioVersion = 10.0.40219.1
Project("{FAE04EC0-301F-11D3-BF4B-00C04F79EFBC}") = "LibraryWeb", "LibraryWeb\LibraryWeb.csproj", "{336629C6-32B2-4C4C-9993-D95DC1F1F008}"
EndProject
Project("{FAE04EC0-301F-11D3-BF4B-00C04F79EFBC}") = "LibraryWeb.Tests", "LibraryWeb.Tests\LibraryWeb.Tests.csproj", "{3B72CBE2-8F00-4126-8908-56983B2F13AE}"
EndProject
Global
	GlobalSection(SolutionConfigurationPlatforms) = preSolution
		Debug|Any CPU = Debug|Any CPU
		Release|Any CPU = Release|Any CPU
	EndGlobalSection
	GlobalSection(ProjectConfigurationPlatforms) = postSolution
		{336629C6-32B2-4C4C-9993-D95DC1F1F008}.Debug|Any CPU.ActiveCfg = Debug|Any CPU
		{336629C6-32B2-4C4C-9993-D95DC1F1F008}.Debug|Any CPU.Build.0 = Debug|Any CPU
		{336629C6-32B2-4C4C-9993-D95DC1F1F008}.Release|Any CPU.ActiveCfg = Release|Any CPU
		{336629C6-32B2-4C4C-9993-D95DC1F1F008}.Release|Any CPU.Build.0 = Release|Any CPU
		{3B72CBE2-8F00-4126-8908-56983B2F13AE}.Debug|Any CPU.ActiveCfg = Debug|Any CPU
		{3B72CBE2-8F00-4126-8908-56983B2F13AE}.Debug|Any CPU.Build.0 = Debug|Any CPU
		{3B72CBE2-8F00-4126-8908-56983B2F13AE}.Release|Any CPU.ActiveCfg = Release|Any CPU
		{3B72CBE2-8F00-4126-8908-56983B2F13AE}.Release|Any CPU.Build.0 = Release|Any CPU
	EndGlobalSection
	GlobalSection(SolutionProperties) = preSolution
		HideSolutionNode = FALSE
	EndGlobalSection
EndGlobal
